# This file is autogenerated, do not edit; changes may be undone by the next 'dep ensure'.


[[projects]]
  name = "github.com/emicklei/go-restful"
  packages = [
    ".",
    "log"
  ]
  revision = "3658237ded108b4134956c1b3050349d93e7b895"
  version = "v2.7.1"

[[projects]]
  branch = "master"
  name = "github.com/mailru/easyjson"
  packages = [
    ".",
    "buffer",
    "jlexer",
    "jwriter"
  ]
  revision = "9825584555aa620c53c265d4a09ace0df1346fd9"

[[projects]]
  name = "github.com/olivere/elastic"
  packages = [
    ".",
    "config",
    "uritemplates"
  ]
  revision = "dabcc5de0a3fd6313870c223c3119e2b1e942ba3"
  version = "~v6.1.23"

[[projects]]
  name = "github.com/pkg/errors"
  packages = ["."]
  revision = "645ef00459ed84a119197bfb8d8205042c6df63d"
  version = "v0.8.0"

[solve-meta]
  analyzer-name = "dep"
  analyzer-version = 1
  inputs-digest = "6148d4a2ed4bce9f890621c4da870f4912e3b0a4ebbb0db841f1f7582c797177"
  solver-name = "gps-cdcl"
  solver-version = 1
