# This file is autogenerated, do not edit; changes may be undone by the next 'dep ensure'.


[[projects]]
  branch = "master"
  name = "github.com/elastic/go-elasticsearch"
  packages = [
    "api",
    "api/cat",
    "api/cluster",
    "api/indices",
    "api/ingest",
    "api/nodes",
    "api/remote",
    "api/snapshot",
    "api/tasks",
    "client",
    "transport",
    "util"
  ]
  revision = "8d1b946718be9164d29d2d9c60091d02e0546cf9"

[[projects]]
  name = "github.com/emicklei/go-restful"
  packages = [
    ".",
    "log"
  ]
  revision = "3658237ded108b4134956c1b3050349d93e7b895"
  version = "v2.7.1"

[[projects]]
  name = "github.com/pkg/errors"
  packages = ["."]
  revision = "645ef00459ed84a119197bfb8d8205042c6df63d"
  version = "v0.8.0"

[solve-meta]
  analyzer-name = "dep"
  analyzer-version = 1
  inputs-digest = "6aa98d15aa5883a8c4cfc49c3dd9ac30ce883c2be96ad1a6587101e1fdc2ba50"
  solver-name = "gps-cdcl"
  solver-version = 1
